// !$*UTF8*$!
{
	archiveVersion = 1;
	classes = {
	};
	objectVersion = 46;
	objects = {

/* Begin PBXBuildFile section */
		OBJ_36 /* FCUUID.m in Sources */ = {isa = PBXBuildFile; fileRef = OBJ_16 /* FCUUID.m */; };
		OBJ_37 /* UIDevice+FCUUID.m in Sources */ = {isa = PBXBuildFile; fileRef = OBJ_17 /* UIDevice+FCUUID.m */; };
		OBJ_39 /* FCUUID.m in Headers */ = {isa = PBXBuildFile; fileRef = OBJ_16 /* FCUUID.m */; settings = {ATTRIBUTES = (Public, ); }; };
		OBJ_40 /* UIDevice+FCUUID.m in Headers */ = {isa = PBXBuildFile; fileRef = OBJ_17 /* UIDevice+FCUUID.m */; settings = {ATTRIBUTES = (Public, ); }; };
		OBJ_41 /* FCUUID.h in Headers */ = {isa = PBXBuildFile; fileRef = OBJ_18 /* FCUUID.h */; settings = {ATTRIBUTES = (Public, ); }; };
		OBJ_42 /* UIDevice+FCUUID.h in Headers */ = {isa = PBXBuildFile; fileRef = OBJ_19 /* UIDevice+FCUUID.h */; settings = {ATTRIBUTES = (Public, ); }; };
		OBJ_44 /* UICKeyChainStore.framework in Frameworks */ = {isa = PBXBuildFile; fileRef = "UICKeyChainStore::UICKeyChainStore::Product" /* UICKeyChainStore.framework */; };
		OBJ_52 /* Package.swift in Sources */ = {isa = PBXBuildFile; fileRef = OBJ_6 /* Package.swift */; };
		OBJ_57 /* UICKeyChainStore.m in Sources */ = {isa = PBXBuildFile; fileRef = OBJ_24 /* UICKeyChainStore.m */; };
		OBJ_59 /* UICKeyChainStore.m in Headers */ = {isa = PBXBuildFile; fileRef = OBJ_24 /* UICKeyChainStore.m */; settings = {ATTRIBUTES = (Public, ); }; };
		OBJ_60 /* UICKeyChainStore.h in Headers */ = {isa = PBXBuildFile; fileRef = OBJ_25 /* UICKeyChainStore.h */; settings = {ATTRIBUTES = (Public, ); }; };
		OBJ_67 /* Package.swift in Sources */ = {isa = PBXBuildFile; fileRef = OBJ_26 /* Package.swift */; };
/* End PBXBuildFile section */

/* Begin PBXContainerItemProxy section */
		8122E7FF26EF413800F179DF /* PBXContainerItemProxy */ = {
			isa = PBXContainerItemProxy;
			containerPortal = OBJ_1 /* Project object */;
			proxyType = 1;
			remoteGlobalIDString = "UICKeyChainStore::UICKeyChainStore";
			remoteInfo = UICKeyChainStore;
		};
/* End PBXContainerItemProxy section */

/* Begin PBXFileReference section */
		"FCUUID::FCUUID::Product" /* FCUUID.framework */ = {isa = PBXFileReference; explicitFileType = wrapper.framework; path = FCUUID.framework; sourceTree = BUILT_PRODUCTS_DIR; };
		OBJ_10 /* FCUUID.podspec */ = {isa = PBXFileReference; lastKnownFileType = text; path = FCUUID.podspec; sourceTree = "<group>"; };
		OBJ_11 /* README.md */ = {isa = PBXFileReference; lastKnownFileType = net.daringfireball.markdown; path = README.md; sourceTree = "<group>"; };
		OBJ_12 /* LICENSE */ = {isa = PBXFileReference; lastKnownFileType = text; path = LICENSE; sourceTree = "<group>"; };
		OBJ_13 /* FCUUID.podspec */ = {isa = PBXFileReference; lastKnownFileType = text; path = FCUUID.podspec; sourceTree = "<group>"; };
		OBJ_14 /* README.md */ = {isa = PBXFileReference; lastKnownFileType = net.daringfireball.markdown; path = README.md; sourceTree = "<group>"; };
		OBJ_16 /* FCUUID.m */ = {isa = PBXFileReference; lastKnownFileType = sourcecode.c.objc; path = FCUUID.m; sourceTree = "<group>"; };
		OBJ_17 /* UIDevice+FCUUID.m */ = {isa = PBXFileReference; lastKnownFileType = sourcecode.c.objc; path = "UIDevice+FCUUID.m"; sourceTree = "<group>"; };
		OBJ_18 /* FCUUID.h */ = {isa = PBXFileReference; lastKnownFileType = sourcecode.c.h; path = FCUUID.h; sourceTree = "<group>"; };
		OBJ_19 /* UIDevice+FCUUID.h */ = {isa = PBXFileReference; lastKnownFileType = sourcecode.c.h; path = "UIDevice+FCUUID.h"; sourceTree = "<group>"; };
		OBJ_24 /* UICKeyChainStore.m */ = {isa = PBXFileReference; lastKnownFileType = sourcecode.c.objc; path = UICKeyChainStore.m; sourceTree = "<group>"; };
		OBJ_25 /* UICKeyChainStore.h */ = {isa = PBXFileReference; lastKnownFileType = sourcecode.c.h; path = UICKeyChainStore.h; sourceTree = "<group>"; };
		OBJ_26 /* Package.swift */ = {isa = PBXFileReference; explicitFileType = sourcecode.swift; name = Package.swift; path = /Users/alejandro.ruperez/Projects/FCUUID/.build/checkouts/UICKeyChainStore/Package.swift; sourceTree = "<group>"; };
		OBJ_30 /* FCUUID */ = {isa = PBXFileReference; lastKnownFileType = folder; path = FCUUID; sourceTree = SOURCE_ROOT; };
		OBJ_6 /* Package.swift */ = {isa = PBXFileReference; explicitFileType = sourcecode.swift; path = Package.swift; sourceTree = "<group>"; };
		OBJ_9 /* LICENSE */ = {isa = PBXFileReference; lastKnownFileType = text; path = LICENSE; sourceTree = "<group>"; };
		"UICKeyChainStore::UICKeyChainStore::Product" /* UICKeyChainStore.framework */ = {isa = PBXFileReference; explicitFileType = wrapper.framework; path = UICKeyChainStore.framework; sourceTree = BUILT_PRODUCTS_DIR; };
/* End PBXFileReference section */

/* Begin PBXFrameworksBuildPhase section */
		OBJ_43 /* Frameworks */ = {
			isa = PBXFrameworksBuildPhase;
			buildActionMask = 0;
			files = (
				OBJ_44 /* UICKeyChainStore.framework in Frameworks */,
			);
			runOnlyForDeploymentPostprocessing = 0;
		};
		OBJ_61 /* Frameworks */ = {
			isa = PBXFrameworksBuildPhase;
			buildActionMask = 0;
			files = (
			);
			runOnlyForDeploymentPostprocessing = 0;
		};
/* End PBXFrameworksBuildPhase section */

/* Begin PBXGroup section */
		OBJ_15 /* FCUUID */ = {
			isa = PBXGroup;
			children = (
				OBJ_16 /* FCUUID.m */,
				OBJ_17 /* UIDevice+FCUUID.m */,
				OBJ_18 /* FCUUID.h */,
				OBJ_19 /* UIDevice+FCUUID.h */,
			);
			path = FCUUID;
			sourceTree = "<group>";
		};
		OBJ_20 /* Tests */ = {
			isa = PBXGroup;
			children = (
			);
			name = Tests;
			sourceTree = SOURCE_ROOT;
		};
		OBJ_21 /* Dependencies */ = {
			isa = PBXGroup;
			children = (
				OBJ_22 /* UICKeyChainStore 2.2.1 */,
			);
			name = Dependencies;
			sourceTree = "<group>";
		};
		OBJ_22 /* UICKeyChainStore 2.2.1 */ = {
			isa = PBXGroup;
			children = (
				OBJ_23 /* UICKeyChainStore */,
				OBJ_26 /* Package.swift */,
			);
			name = "UICKeyChainStore 2.2.1";
			sourceTree = SOURCE_ROOT;
		};
		OBJ_23 /* UICKeyChainStore */ = {
			isa = PBXGroup;
			children = (
				OBJ_24 /* UICKeyChainStore.m */,
				OBJ_25 /* UICKeyChainStore.h */,
			);
			name = UICKeyChainStore;
			path = .build/checkouts/UICKeyChainStore/Lib/UICKeyChainStore;
			sourceTree = SOURCE_ROOT;
		};
		OBJ_27 /* Products */ = {
			isa = PBXGroup;
			children = (
				"FCUUID::FCUUID::Product" /* FCUUID.framework */,
				"UICKeyChainStore::UICKeyChainStore::Product" /* UICKeyChainStore.framework */,
			);
			name = Products;
			sourceTree = BUILT_PRODUCTS_DIR;
		};
		OBJ_5 /*  */ = {
			isa = PBXGroup;
			children = (
				OBJ_6 /* Package.swift */,
				OBJ_7 /* Sources */,
				OBJ_20 /* Tests */,
				OBJ_21 /* Dependencies */,
				OBJ_27 /* Products */,
				OBJ_30 /* FCUUID */,
			);
			name = "";
			sourceTree = "<group>";
		};
		OBJ_7 /* Sources */ = {
			isa = PBXGroup;
			children = (
				OBJ_8 /* FCUUID */,
			);
			name = Sources;
			sourceTree = SOURCE_ROOT;
		};
		OBJ_8 /* FCUUID */ = {
			isa = PBXGroup;
			children = (
				OBJ_9 /* LICENSE */,
				OBJ_10 /* FCUUID.podspec */,
				OBJ_11 /* README.md */,
				OBJ_12 /* LICENSE */,
				OBJ_13 /* FCUUID.podspec */,
				OBJ_14 /* README.md */,
				OBJ_15 /* FCUUID */,
			);
			name = FCUUID;
			sourceTree = SOURCE_ROOT;
		};
/* End PBXGroup section */

/* Begin PBXHeadersBuildPhase section */
		OBJ_38 /* Headers */ = {
			isa = PBXHeadersBuildPhase;
			buildActionMask = 0;
			files = (
				OBJ_39 /* FCUUID.m in Headers */,
				OBJ_40 /* UIDevice+FCUUID.m in Headers */,
				OBJ_41 /* FCUUID.h in Headers */,
				OBJ_42 /* UIDevice+FCUUID.h in Headers */,
			);
			runOnlyForDeploymentPostprocessing = 0;
		};
		OBJ_58 /* Headers */ = {
			isa = PBXHeadersBuildPhase;
			buildActionMask = 0;
			files = (
				OBJ_59 /* UICKeyChainStore.m in Headers */,
				OBJ_60 /* UICKeyChainStore.h in Headers */,
			);
			runOnlyForDeploymentPostprocessing = 0;
		};
/* End PBXHeadersBuildPhase section */

/* Begin PBXNativeTarget section */
		"FCUUID::FCUUID" /* FCUUID */ = {
			isa = PBXNativeTarget;
			buildConfigurationList = OBJ_32 /* Build configuration list for PBXNativeTarget "FCUUID" */;
			buildPhases = (
				OBJ_35 /* Sources */,
				OBJ_38 /* Headers */,
				OBJ_43 /* Frameworks */,
			);
			buildRules = (
			);
			dependencies = (
				OBJ_45 /* PBXTargetDependency */,
			);
			name = FCUUID;
			productName = FCUUID;
			productReference = "FCUUID::FCUUID::Product" /* FCUUID.framework */;
			productType = "com.apple.product-type.framework";
		};
		"FCUUID::SwiftPMPackageDescription" /* FCUUIDPackageDescription */ = {
			isa = PBXNativeTarget;
			buildConfigurationList = OBJ_48 /* Build configuration list for PBXNativeTarget "FCUUIDPackageDescription" */;
			buildPhases = (
				OBJ_51 /* Sources */,
			);
			buildRules = (
			);
			dependencies = (
			);
			name = FCUUIDPackageDescription;
			productName = FCUUIDPackageDescription;
			productType = "com.apple.product-type.framework";
		};
		"UICKeyChainStore::SwiftPMPackageDescription" /* UICKeyChainStorePackageDescription */ = {
			isa = PBXNativeTarget;
			buildConfigurationList = OBJ_63 /* Build configuration list for PBXNativeTarget "UICKeyChainStorePackageDescription" */;
			buildPhases = (
				OBJ_66 /* Sources */,
			);
			buildRules = (
			);
			dependencies = (
			);
			name = UICKeyChainStorePackageDescription;
			productName = UICKeyChainStorePackageDescription;
			productType = "com.apple.product-type.framework";
		};
		"UICKeyChainStore::UICKeyChainStore" /* UICKeyChainStore */ = {
			isa = PBXNativeTarget;
			buildConfigurationList = OBJ_53 /* Build configuration list for PBXNativeTarget "UICKeyChainStore" */;
			buildPhases = (
				OBJ_56 /* Sources */,
				OBJ_58 /* Headers */,
				OBJ_61 /* Frameworks */,
			);
			buildRules = (
			);
			dependencies = (
			);
			name = UICKeyChainStore;
			productName = UICKeyChainStore;
			productReference = "UICKeyChainStore::UICKeyChainStore::Product" /* UICKeyChainStore.framework */;
			productType = "com.apple.product-type.framework";
		};
/* End PBXNativeTarget section */

/* Begin PBXProject section */
		OBJ_1 /* Project object */ = {
			isa = PBXProject;
			attributes = {
				LastSwiftMigration = 9999;
				LastUpgradeCheck = 9999;
			};
			buildConfigurationList = OBJ_2 /* Build configuration list for PBXProject "FCUUID" */;
			compatibilityVersion = "Xcode 3.2";
			developmentRegion = en;
			hasScannedForEncodings = 0;
			knownRegions = (
				en,
			);
			mainGroup = OBJ_5 /*  */;
			productRefGroup = OBJ_27 /* Products */;
			projectDirPath = "";
			projectRoot = "";
			targets = (
				"FCUUID::FCUUID" /* FCUUID */,
				"FCUUID::SwiftPMPackageDescription" /* FCUUIDPackageDescription */,
				"UICKeyChainStore::UICKeyChainStore" /* UICKeyChainStore */,
				"UICKeyChainStore::SwiftPMPackageDescription" /* UICKeyChainStorePackageDescription */,
			);
		};
/* End PBXProject section */

/* Begin PBXSourcesBuildPhase section */
		OBJ_35 /* Sources */ = {
			isa = PBXSourcesBuildPhase;
			buildActionMask = 0;
			files = (
				OBJ_36 /* FCUUID.m in Sources */,
				OBJ_37 /* UIDevice+FCUUID.m in Sources */,
			);
			runOnlyForDeploymentPostprocessing = 0;
		};
		OBJ_51 /* Sources */ = {
			isa = PBXSourcesBuildPhase;
			buildActionMask = 0;
			files = (
				OBJ_52 /* Package.swift in Sources */,
			);
			runOnlyForDeploymentPostprocessing = 0;
		};
		OBJ_56 /* Sources */ = {
			isa = PBXSourcesBuildPhase;
			buildActionMask = 0;
			files = (
				OBJ_57 /* UICKeyChainStore.m in Sources */,
			);
			runOnlyForDeploymentPostprocessing = 0;
		};
		OBJ_66 /* Sources */ = {
			isa = PBXSourcesBuildPhase;
			buildActionMask = 0;
			files = (
				OBJ_67 /* Package.swift in Sources */,
			);
			runOnlyForDeploymentPostprocessing = 0;
		};
/* End PBXSourcesBuildPhase section */

/* Begin PBXTargetDependency section */
		OBJ_45 /* PBXTargetDependency */ = {
			isa = PBXTargetDependency;
			target = "UICKeyChainStore::UICKeyChainStore" /* UICKeyChainStore */;
			targetProxy = 8122E7FF26EF413800F179DF /* PBXContainerItemProxy */;
		};
/* End PBXTargetDependency section */

/* Begin XCBuildConfiguration section */
		OBJ_3 /* Debug */ = {
			isa = XCBuildConfiguration;
			buildSettings = {
				CLANG_ENABLE_OBJC_ARC = YES;
				COMBINE_HIDPI_IMAGES = YES;
				COPY_PHASE_STRIP = NO;
				DEBUG_INFORMATION_FORMAT = dwarf;
				DYLIB_INSTALL_NAME_BASE = "@rpath";
				ENABLE_NS_ASSERTIONS = YES;
				GCC_OPTIMIZATION_LEVEL = 0;
				GCC_PREPROCESSOR_DEFINITIONS = (
					"$(inherited)",
					"SWIFT_PACKAGE=1",
					"DEBUG=1",
				);
				MACOSX_DEPLOYMENT_TARGET = 10.10;
				ONLY_ACTIVE_ARCH = YES;
				OTHER_SWIFT_FLAGS = "$(inherited) -DXcode";
				PRODUCT_NAME = "$(TARGET_NAME)";
				SDKROOT = macosx;
				SUPPORTED_PLATFORMS = "$(AVAILABLE_PLATFORMS)";
				SUPPORTS_MACCATALYST = YES;
				SWIFT_ACTIVE_COMPILATION_CONDITIONS = "$(inherited) SWIFT_PACKAGE DEBUG";
				SWIFT_OPTIMIZATION_LEVEL = "-Onone";
				USE_HEADERMAP = NO;
			};
			name = Debug;
		};
		OBJ_33 /* Debug */ = {
			isa = XCBuildConfiguration;
			buildSettings = {
				CLANG_ENABLE_MODULES = YES;
				CURRENT_PROJECT_VERSION = 1;
				DEFINES_MODULE = YES;
				DRIVERKIT_DEPLOYMENT_TARGET = 19.0;
				ENABLE_TESTABILITY = YES;
				FRAMEWORK_SEARCH_PATHS = (
					"$(inherited)",
					"$(PLATFORM_DIR)/Developer/Library/Frameworks",
				);
				HEADER_SEARCH_PATHS = (
					"$(inherited)",
					"$(SRCROOT)/FCUUID",
					"$(SRCROOT)/.build/checkouts/UICKeyChainStore/Lib/UICKeyChainStore",
				);
				INFOPLIST_FILE = FCUUID.xcodeproj/FCUUID_Info.plist;
				IPHONEOS_DEPLOYMENT_TARGET = 9.0;
				LD_RUNPATH_SEARCH_PATHS = "$(inherited) $(TOOLCHAIN_DIR)/usr/lib/swift/macosx";
				MACOSX_DEPLOYMENT_TARGET = 10.10;
				OTHER_CFLAGS = "$(inherited)";
				OTHER_LDFLAGS = "$(inherited)";
				OTHER_SWIFT_FLAGS = "$(inherited)";
				PRODUCT_BUNDLE_IDENTIFIER = FCUUID;
				PRODUCT_MODULE_NAME = "$(TARGET_NAME:c99extidentifier)";
				PRODUCT_NAME = "$(TARGET_NAME:c99extidentifier)";
				SKIP_INSTALL = YES;
				SWIFT_ACTIVE_COMPILATION_CONDITIONS = "$(inherited)";
				TARGET_NAME = FCUUID;
				TVOS_DEPLOYMENT_TARGET = 9.0;
				WATCHOS_DEPLOYMENT_TARGET = 2.0;
			};
			name = Debug;
		};
		OBJ_34 /* Release */ = {
			isa = XCBuildConfiguration;
			buildSettings = {
				CLANG_ENABLE_MODULES = YES;
				CURRENT_PROJECT_VERSION = 1;
				DEFINES_MODULE = YES;
				DRIVERKIT_DEPLOYMENT_TARGET = 19.0;
				ENABLE_TESTABILITY = YES;
				FRAMEWORK_SEARCH_PATHS = (
					"$(inherited)",
					"$(PLATFORM_DIR)/Developer/Library/Frameworks",
				);
				HEADER_SEARCH_PATHS = (
					"$(inherited)",
					"$(SRCROOT)/FCUUID",
					"$(SRCROOT)/.build/checkouts/UICKeyChainStore/Lib/UICKeyChainStore",
				);
				INFOPLIST_FILE = FCUUID.xcodeproj/FCUUID_Info.plist;
				IPHONEOS_DEPLOYMENT_TARGET = 9.0;
				LD_RUNPATH_SEARCH_PATHS = "$(inherited) $(TOOLCHAIN_DIR)/usr/lib/swift/macosx";
				MACOSX_DEPLOYMENT_TARGET = 10.10;
				OTHER_CFLAGS = "$(inherited)";
				OTHER_LDFLAGS = "$(inherited)";
				OTHER_SWIFT_FLAGS = "$(inherited)";
				PRODUCT_BUNDLE_IDENTIFIER = FCUUID;
				PRODUCT_MODULE_NAME = "$(TARGET_NAME:c99extidentifier)";
				PRODUCT_NAME = "$(TARGET_NAME:c99extidentifier)";
				SKIP_INSTALL = YES;
				SWIFT_ACTIVE_COMPILATION_CONDITIONS = "$(inherited)";
				TARGET_NAME = FCUUID;
				TVOS_DEPLOYMENT_TARGET = 9.0;
				WATCHOS_DEPLOYMENT_TARGET = 2.0;
			};
			name = Release;
		};
		OBJ_4 /* Release */ = {
			isa = XCBuildConfiguration;
			buildSettings = {
				CLANG_ENABLE_OBJC_ARC = YES;
				COMBINE_HIDPI_IMAGES = YES;
				COPY_PHASE_STRIP = YES;
				DEBUG_INFORMATION_FORMAT = "dwarf-with-dsym";
				DYLIB_INSTALL_NAME_BASE = "@rpath";
				GCC_OPTIMIZATION_LEVEL = s;
				GCC_PREPROCESSOR_DEFINITIONS = (
					"$(inherited)",
					"SWIFT_PACKAGE=1",
				);
				MACOSX_DEPLOYMENT_TARGET = 10.10;
				OTHER_SWIFT_FLAGS = "$(inherited) -DXcode";
				PRODUCT_NAME = "$(TARGET_NAME)";
				SDKROOT = macosx;
				SUPPORTED_PLATFORMS = "$(AVAILABLE_PLATFORMS)";
				SUPPORTS_MACCATALYST = YES;
				SWIFT_ACTIVE_COMPILATION_CONDITIONS = "$(inherited) SWIFT_PACKAGE";
				SWIFT_OPTIMIZATION_LEVEL = "-Owholemodule";
				USE_HEADERMAP = NO;
			};
			name = Release;
		};
		OBJ_49 /* Debug */ = {
			isa = XCBuildConfiguration;
			buildSettings = {
				LD = /usr/bin/true;
				OTHER_SWIFT_FLAGS = "-swift-version 5 -I $(TOOLCHAIN_DIR)/usr/lib/swift/pm/ManifestAPI -sdk /Applications/Xcode-beta.app/Contents/Developer/Platforms/MacOSX.platform/Developer/SDKs/MacOSX12.0.sdk -package-description-version 5.3.0";
				SWIFT_VERSION = 5.0;
			};
			name = Debug;
		};
		OBJ_50 /* Release */ = {
			isa = XCBuildConfiguration;
			buildSettings = {
				LD = /usr/bin/true;
				OTHER_SWIFT_FLAGS = "-swift-version 5 -I $(TOOLCHAIN_DIR)/usr/lib/swift/pm/ManifestAPI -sdk /Applications/Xcode-beta.app/Contents/Developer/Platforms/MacOSX.platform/Developer/SDKs/MacOSX12.0.sdk -package-description-version 5.3.0";
				SWIFT_VERSION = 5.0;
			};
			name = Release;
		};
		OBJ_54 /* Debug */ = {
			isa = XCBuildConfiguration;
			buildSettings = {
				CLANG_ENABLE_MODULES = YES;
				CURRENT_PROJECT_VERSION = 1;
				DEFINES_MODULE = YES;
				DRIVERKIT_DEPLOYMENT_TARGET = 19.0;
				ENABLE_TESTABILITY = YES;
				FRAMEWORK_SEARCH_PATHS = (
					"$(inherited)",
					"$(PLATFORM_DIR)/Developer/Library/Frameworks",
				);
				HEADER_SEARCH_PATHS = (
					"$(inherited)",
					"$(SRCROOT)/.build/checkouts/UICKeyChainStore/Lib/UICKeyChainStore",
				);
				INFOPLIST_FILE = FCUUID.xcodeproj/UICKeyChainStore_Info.plist;
				IPHONEOS_DEPLOYMENT_TARGET = 9.0;
				LD_RUNPATH_SEARCH_PATHS = "$(inherited) $(TOOLCHAIN_DIR)/usr/lib/swift/macosx";
				MACOSX_DEPLOYMENT_TARGET = 10.10;
				OTHER_CFLAGS = "$(inherited)";
				OTHER_LDFLAGS = "$(inherited)";
				OTHER_SWIFT_FLAGS = "$(inherited)";
				PRODUCT_BUNDLE_IDENTIFIER = UICKeyChainStore;
				PRODUCT_MODULE_NAME = "$(TARGET_NAME:c99extidentifier)";
				PRODUCT_NAME = "$(TARGET_NAME:c99extidentifier)";
				SKIP_INSTALL = YES;
				SWIFT_ACTIVE_COMPILATION_CONDITIONS = "$(inherited)";
				TARGET_NAME = UICKeyChainStore;
				TVOS_DEPLOYMENT_TARGET = 9.0;
				WATCHOS_DEPLOYMENT_TARGET = 2.0;
			};
			name = Debug;
		};
		OBJ_55 /* Release */ = {
			isa = XCBuildConfiguration;
			buildSettings = {
				CLANG_ENABLE_MODULES = YES;
				CURRENT_PROJECT_VERSION = 1;
				DEFINES_MODULE = YES;
				DRIVERKIT_DEPLOYMENT_TARGET = 19.0;
				ENABLE_TESTABILITY = YES;
				FRAMEWORK_SEARCH_PATHS = (
					"$(inherited)",
					"$(PLATFORM_DIR)/Developer/Library/Frameworks",
				);
				HEADER_SEARCH_PATHS = (
					"$(inherited)",
					"$(SRCROOT)/.build/checkouts/UICKeyChainStore/Lib/UICKeyChainStore",
				);
				INFOPLIST_FILE = FCUUID.xcodeproj/UICKeyChainStore_Info.plist;
				IPHONEOS_DEPLOYMENT_TARGET = 9.0;
				LD_RUNPATH_SEARCH_PATHS = "$(inherited) $(TOOLCHAIN_DIR)/usr/lib/swift/macosx";
				MACOSX_DEPLOYMENT_TARGET = 10.10;
				OTHER_CFLAGS = "$(inherited)";
				OTHER_LDFLAGS = "$(inherited)";
				OTHER_SWIFT_FLAGS = "$(inherited)";
				PRODUCT_BUNDLE_IDENTIFIER = UICKeyChainStore;
				PRODUCT_MODULE_NAME = "$(TARGET_NAME:c99extidentifier)";
				PRODUCT_NAME = "$(TARGET_NAME:c99extidentifier)";
				SKIP_INSTALL = YES;
				SWIFT_ACTIVE_COMPILATION_CONDITIONS = "$(inherited)";
				TARGET_NAME = UICKeyChainStore;
				TVOS_DEPLOYMENT_TARGET = 9.0;
				WATCHOS_DEPLOYMENT_TARGET = 2.0;
			};
			name = Release;
		};
		OBJ_64 /* Debug */ = {
			isa = XCBuildConfiguration;
			buildSettings = {
				LD = /usr/bin/true;
				OTHER_SWIFT_FLAGS = "-swift-version 5 -I $(TOOLCHAIN_DIR)/usr/lib/swift/pm/ManifestAPI -sdk /Applications/Xcode-beta.app/Contents/Developer/Platforms/MacOSX.platform/Developer/SDKs/MacOSX12.0.sdk -package-description-version 5.0.0";
				SWIFT_VERSION = 5.0;
			};
			name = Debug;
		};
		OBJ_65 /* Release */ = {
			isa = XCBuildConfiguration;
			buildSettings = {
				LD = /usr/bin/true;
				OTHER_SWIFT_FLAGS = "-swift-version 5 -I $(TOOLCHAIN_DIR)/usr/lib/swift/pm/ManifestAPI -sdk /Applications/Xcode-beta.app/Contents/Developer/Platforms/MacOSX.platform/Developer/SDKs/MacOSX12.0.sdk -package-description-version 5.0.0";
				SWIFT_VERSION = 5.0;
			};
			name = Release;
		};
/* End XCBuildConfiguration section */

/* Begin XCConfigurationList section */
		OBJ_2 /* Build configuration list for PBXProject "FCUUID" */ = {
			isa = XCConfigurationList;
			buildConfigurations = (
				OBJ_3 /* Debug */,
				OBJ_4 /* Release */,
			);
			defaultConfigurationIsVisible = 0;
			defaultConfigurationName = Release;
		};
		OBJ_32 /* Build configuration list for PBXNativeTarget "FCUUID" */ = {
			isa = XCConfigurationList;
			buildConfigurations = (
				OBJ_33 /* Debug */,
				OBJ_34 /* Release */,
			);
			defaultConfigurationIsVisible = 0;
			defaultConfigurationName = Release;
		};
		OBJ_48 /* Build configuration list for PBXNativeTarget "FCUUIDPackageDescription" */ = {
			isa = XCConfigurationList;
			buildConfigurations = (
				OBJ_49 /* Debug */,
				OBJ_50 /* Release */,
			);
			defaultConfigurationIsVisible = 0;
			defaultConfigurationName = Release;
		};
		OBJ_53 /* Build configuration list for PBXNativeTarget "UICKeyChainStore" */ = {
			isa = XCConfigurationList;
			buildConfigurations = (
				OBJ_54 /* Debug */,
				OBJ_55 /* Release */,
			);
			defaultConfigurationIsVisible = 0;
			defaultConfigurationName = Release;
		};
		OBJ_63 /* Build configuration list for PBXNativeTarget "UICKeyChainStorePackageDescription" */ = {
			isa = XCConfigurationList;
			buildConfigurations = (
				OBJ_64 /* Debug */,
				OBJ_65 /* Release */,
			);
			defaultConfigurationIsVisible = 0;
			defaultConfigurationName = Release;
		};
/* End XCConfigurationList section */
	};
	rootObject = OBJ_1 /* Project object */;
}
